{
  "name": "@kmamal/build-sdl",
  "version": "3.4.14-0",
  "lockfileVersion": 2,
  "requires": true,
  "packages": {
    "": {
      "name": "@kmamal/build-sdl",
      "version": "3.4.14-0",
      "hasInstallScript": true,
      "license": "MIT",
      "dependencies": {
        "modern-tar": "0.8.4"
      }
    },
    "node_modules/modern-tar": {
      "version": "0.8.4",
      "resolved": "https://registry.npmjs.org/modern-tar/-/modern-tar-0.8.4.tgz",
      "integrity": "sha512-gN54ddmyzEg10orwZ2u4OOv+bjpMWdIl5jIkodK97bMq8QBSL5c0D7YX0lT1Ooz+99S7+PvFbnxzdjgHo1r41g==",
      "license": "MIT",
      "engines": {
        "node": ">=18.0.0"
      }
    }
  },
  "dependencies": {
    "modern-tar": {
      "version": "0.8.4",
      "resolved": "https://registry.npmjs.org/modern-tar/-/modern-tar-0.8.4.tgz",
      "integrity": "sha512-gN54ddmyzEg10orwZ2u4OOv+bjpMWdIl5jIkodK97bMq8QBSL5c0D7YX0lT1Ooz+99S7+PvFbnxzdjgHo1r41g=="
    }
  }
}
